
Microsoft Visual Studio Solution File, Format Version 12.00
# Visual Studio Version 17
VisualStudioVersion = 17.1.32328.378
MinimumVisualStudioVersion = 10.0.40219.1
Project("{9A19103F-16F7-4668-BE54-9A1E7A4F7556}") = "Delineation", "Delineation\Delineation.csproj", "{C43DA376-1FCC-4EF8-856D-5D58174C26F3}"
EndProject
Project("{9A19103F-16F7-4668-BE54-9A1E7A4F7556}") = "CustomIdentity", "CustomIdentity\CustomIdentity.csproj", "{DB280457-4C2C-4C70-AE22-0E866F068520}"
EndProject
Global
	GlobalSection(SolutionConfigurationPlatforms) = preSolution
		Debug|Any CPU = Debug|Any CPU
		Release|Any CPU = Release|Any CPU
	EndGlobalSection
	GlobalSection(ProjectConfigurationPlatforms) = postSolution
		{C43DA376-1FCC-4EF8-856D-5D58174C26F3}.Debug|Any CPU.ActiveCfg = Debug|Any CPU
		{C43DA376-1FCC-4EF8-856D-5D58174C26F3}.Debug|Any CPU.Build.0 = Debug|Any CPU
		{C43DA376-1FCC-4EF8-856D-5D58174C26F3}.Release|Any CPU.ActiveCfg = Release|Any CPU
		{C43DA376-1FCC-4EF8-856D-5D58174C26F3}.Release|Any CPU.Build.0 = Release|Any CPU
		{DB280457-4C2C-4C70-AE22-0E866F068520}.Debug|Any CPU.ActiveCfg = Debug|Any CPU
		{DB280457-4C2C-4C70-AE22-0E866F068520}.Debug|Any CPU.Build.0 = Debug|Any CPU
		{DB280457-4C2C-4C70-AE22-0E866F068520}.Release|Any CPU.ActiveCfg = Release|Any CPU
		{DB280457-4C2C-4C70-AE22-0E866F068520}.Release|Any CPU.Build.0 = Release|Any CPU
	EndGlobalSection
	GlobalSection(SolutionProperties) = preSolution
		HideSolutionNode = FALSE
	EndGlobalSection
	GlobalSection(ExtensibilityGlobals) = postSolution
		SolutionGuid = {CCB72DC1-E37D-4E85-81D4-CEBFD9470FFB}
	EndGlobalSection
EndGlobal
